
Microsoft Visual Studio Solution File, Format Version 12.00
# Visual Studio Version 16
VisualStudioVersion = 16.0.29920.165
MinimumVisualStudioVersion = 10.0.40219.1
Project("{FAE04EC0-301F-11D3-BF4B-00C04F79EFBC}") = "FlightExaminator", "FlightExaminator\FlightExaminator.csproj", "{DCE412F0-EB1F-433F-AF30-9A814EEB7551}"
EndProject
Global
	GlobalSection(SolutionConfigurationPlatforms) = preSolution
		Debug|Any CPU = Debug|Any CPU
		Release|Any CPU = Release|Any CPU
	EndGlobalSection
	GlobalSection(ProjectConfigurationPlatforms) = postSolution
		{DCE412F0-EB1F-433F-AF30-9A814EEB7551}.Debug|Any CPU.ActiveCfg = Debug|Any CPU
		{DCE412F0-EB1F-433F-AF30-9A814EEB7551}.Debug|Any CPU.Build.0 = Debug|Any CPU
		{DCE412F0-EB1F-433F-AF30-9A814EEB7551}.Release|Any CPU.ActiveCfg = Release|Any CPU
		{DCE412F0-EB1F-433F-AF30-9A814EEB7551}.Release|Any CPU.Build.0 = Release|Any CPU
	EndGlobalSection
	GlobalSection(SolutionProperties) = preSolution
		HideSolutionNode = FALSE
	EndGlobalSection
	GlobalSection(ExtensibilityGlobals) = postSolution
		SolutionGuid = {201CB30A-222D-426B-8C57-F09DB35686C6}
	EndGlobalSection
EndGlobal
